
Microsoft Visual Studio Solution File, Format Version 12.00
# Visual Studio Version 18
VisualStudioVersion = 18.0.11018.127
MinimumVisualStudioVersion = 10.0.40219.1
Project("{2150E333-8FDC-42A3-9474-1A3956D46DE8}") = "src", "src", "{827E0CD3-B72D-47B6-A68D-7590B98EB39B}"
EndProject
Project("{FAE04EC0-301F-11D3-BF4B-00C04F79EFBC}") = "RestoRate.AppHost", "src\RestoRate.AppHost\RestoRate.AppHost.csproj", "{9A8FB69C-901F-4048-99EB-F02D982A6D16}"
EndProject
Project("{2150E333-8FDC-42A3-9474-1A3956D46DE8}") = "Solution Items", "Solution Items", "{14557BF6-92C6-4023-B9FA-796DC9235DA1}"
	ProjectSection(SolutionItems) = preProject
		Directory.Build.props = Directory.Build.props
		Directory.Packages.props = Directory.Packages.props
	EndProjectSection
EndProject
Project("{FAE04EC0-301F-11D3-BF4B-00C04F79EFBC}") = "RestoRate.ServiceDefaults", "src\RestoRate.ServiceDefaults\RestoRate.ServiceDefaults.csproj", "{AD69EE72-1780-4324-A62A-F0E4D6DEA490}"
EndProject
Project("{FAE04EC0-301F-11D3-BF4B-00C04F79EFBC}") = "RestoRate.MessageConsumer", "src\RestoRate.MessageConsumer\RestoRate.MessageConsumer.csproj", "{3FAECBC5-A8BB-4579-9CCB-2D5C1BAC5823}"
EndProject
Project("{FAE04EC0-301F-11D3-BF4B-00C04F79EFBC}") = "RestoRate.BlazorDashboard", "src\RestoRate.BlazorDashboard\RestoRate.BlazorDashboard.csproj", "{E99726A6-1526-8E36-4FE6-DC7233C8223B}"
EndProject
Project("{FAE04EC0-301F-11D3-BF4B-00C04F79EFBC}") = "RestoRate.Gateway", "src\RestoRate.Gateway\RestoRate.Gateway.csproj", "{10660F70-4BC3-16DD-7BCD-F3888C8A6614}"
EndProject
Project("{FAE04EC0-301F-11D3-BF4B-00C04F79EFBC}") = "RestoRate.Common", "src\RestoRate.Common\RestoRate.Common.csproj", "{9D37E987-988A-487D-B394-6C472EBCB633}"
EndProject
Project("{2150E333-8FDC-42A3-9474-1A3956D46DE8}") = "Restaurant", "Restaurant", "{E69DF519-012A-0AAA-7E5D-E91DB91E2C0A}"
EndProject
Project("{FAE04EC0-301F-11D3-BF4B-00C04F79EFBC}") = "RestoRate.Restaurant.Api", "src\Restaurant\RestoRate.Restaurant.Api\RestoRate.Restaurant.Api.csproj", "{E6EDB3C9-CE3E-42CF-90B2-FA2A15D98599}"
EndProject
Global
	GlobalSection(SolutionConfigurationPlatforms) = preSolution
		Debug|Any CPU = Debug|Any CPU
		Debug|x64 = Debug|x64
		Debug|x86 = Debug|x86
		Release|Any CPU = Release|Any CPU
		Release|x64 = Release|x64
		Release|x86 = Release|x86
	EndGlobalSection
	GlobalSection(ProjectConfigurationPlatforms) = postSolution
		{9A8FB69C-901F-4048-99EB-F02D982A6D16}.Debug|Any CPU.ActiveCfg = Debug|Any CPU
		{9A8FB69C-901F-4048-99EB-F02D982A6D16}.Debug|Any CPU.Build.0 = Debug|Any CPU
		{9A8FB69C-901F-4048-99EB-F02D982A6D16}.Debug|x64.ActiveCfg = Debug|Any CPU
		{9A8FB69C-901F-4048-99EB-F02D982A6D16}.Debug|x64.Build.0 = Debug|Any CPU
		{9A8FB69C-901F-4048-99EB-F02D982A6D16}.Debug|x86.ActiveCfg = Debug|Any CPU
		{9A8FB69C-901F-4048-99EB-F02D982A6D16}.Debug|x86.Build.0 = Debug|Any CPU
		{9A8FB69C-901F-4048-99EB-F02D982A6D16}.Release|Any CPU.ActiveCfg = Release|Any CPU
		{9A8FB69C-901F-4048-99EB-F02D982A6D16}.Release|Any CPU.Build.0 = Release|Any CPU
		{9A8FB69C-901F-4048-99EB-F02D982A6D16}.Release|x64.ActiveCfg = Release|Any CPU
		{9A8FB69C-901F-4048-99EB-F02D982A6D16}.Release|x64.Build.0 = Release|Any CPU
		{9A8FB69C-901F-4048-99EB-F02D982A6D16}.Release|x86.ActiveCfg = Release|Any CPU
		{9A8FB69C-901F-4048-99EB-F02D982A6D16}.Release|x86.Build.0 = Release|Any CPU
		{AD69EE72-1780-4324-A62A-F0E4D6DEA490}.Debug|Any CPU.ActiveCfg = Debug|Any CPU
		{AD69EE72-1780-4324-A62A-F0E4D6DEA490}.Debug|Any CPU.Build.0 = Debug|Any CPU
		{AD69EE72-1780-4324-A62A-F0E4D6DEA490}.Debug|x64.ActiveCfg = Debug|Any CPU
		{AD69EE72-1780-4324-A62A-F0E4D6DEA490}.Debug|x64.Build.0 = Debug|Any CPU
		{AD69EE72-1780-4324-A62A-F0E4D6DEA490}.Debug|x86.ActiveCfg = Debug|Any CPU
		{AD69EE72-1780-4324-A62A-F0E4D6DEA490}.Debug|x86.Build.0 = Debug|Any CPU
		{AD69EE72-1780-4324-A62A-F0E4D6DEA490}.Release|Any CPU.ActiveCfg = Release|Any CPU
		{AD69EE72-1780-4324-A62A-F0E4D6DEA490}.Release|Any CPU.Build.0 = Release|Any CPU
		{AD69EE72-1780-4324-A62A-F0E4D6DEA490}.Release|x64.ActiveCfg = Release|Any CPU
		{AD69EE72-1780-4324-A62A-F0E4D6DEA490}.Release|x64.Build.0 = Release|Any CPU
		{AD69EE72-1780-4324-A62A-F0E4D6DEA490}.Release|x86.ActiveCfg = Release|Any CPU
		{AD69EE72-1780-4324-A62A-F0E4D6DEA490}.Release|x86.Build.0 = Release|Any CPU
		{3FAECBC5-A8BB-4579-9CCB-2D5C1BAC5823}.Debug|Any CPU.ActiveCfg = Debug|Any CPU
		{3FAECBC5-A8BB-4579-9CCB-2D5C1BAC5823}.Debug|Any CPU.Build.0 = Debug|Any CPU
		{3FAECBC5-A8BB-4579-9CCB-2D5C1BAC5823}.Debug|x64.ActiveCfg = Debug|Any CPU
		{3FAECBC5-A8BB-4579-9CCB-2D5C1BAC5823}.Debug|x64.Build.0 = Debug|Any CPU
		{3FAECBC5-A8BB-4579-9CCB-2D5C1BAC5823}.Debug|x86.ActiveCfg = Debug|Any CPU
		{3FAECBC5-A8BB-4579-9CCB-2D5C1BAC5823}.Debug|x86.Build.0 = Debug|Any CPU
		{3FAECBC5-A8BB-4579-9CCB-2D5C1BAC5823}.Release|Any CPU.ActiveCfg = Release|Any CPU
		{3FAECBC5-A8BB-4579-9CCB-2D5C1BAC5823}.Release|Any CPU.Build.0 = Release|Any CPU
		{3FAECBC5-A8BB-4579-9CCB-2D5C1BAC5823}.Release|x64.ActiveCfg = Release|Any CPU
		{3FAECBC5-A8BB-4579-9CCB-2D5C1BAC5823}.Release|x64.Build.0 = Release|Any CPU
		{3FAECBC5-A8BB-4579-9CCB-2D5C1BAC5823}.Release|x86.ActiveCfg = Release|Any CPU
		{3FAECBC5-A8BB-4579-9CCB-2D5C1BAC5823}.Release|x86.Build.0 = Release|Any CPU
		{E99726A6-1526-8E36-4FE6-DC7233C8223B}.Debug|Any CPU.ActiveCfg = Debug|Any CPU
		{E99726A6-1526-8E36-4FE6-DC7233C8223B}.Debug|Any CPU.Build.0 = Debug|Any CPU
		{E99726A6-1526-8E36-4FE6-DC7233C8223B}.Debug|x64.ActiveCfg = Debug|Any CPU
		{E99726A6-1526-8E36-4FE6-DC7233C8223B}.Debug|x64.Build.0 = Debug|Any CPU
		{E99726A6-1526-8E36-4FE6-DC7233C8223B}.Debug|x86.ActiveCfg = Debug|Any CPU
		{E99726A6-1526-8E36-4FE6-DC7233C8223B}.Debug|x86.Build.0 = Debug|Any CPU
		{E99726A6-1526-8E36-4FE6-DC7233C8223B}.Release|Any CPU.ActiveCfg = Release|Any CPU
		{E99726A6-1526-8E36-4FE6-DC7233C8223B}.Release|Any CPU.Build.0 = Release|Any CPU
		{E99726A6-1526-8E36-4FE6-DC7233C8223B}.Release|x64.ActiveCfg = Release|Any CPU
		{E99726A6-1526-8E36-4FE6-DC7233C8223B}.Release|x64.Build.0 = Release|Any CPU
		{E99726A6-1526-8E36-4FE6-DC7233C8223B}.Release|x86.ActiveCfg = Release|Any CPU
		{E99726A6-1526-8E36-4FE6-DC7233C8223B}.Release|x86.Build.0 = Release|Any CPU
		{10660F70-4BC3-16DD-7BCD-F3888C8A6614}.Debug|Any CPU.ActiveCfg = Debug|Any CPU
		{10660F70-4BC3-16DD-7BCD-F3888C8A6614}.Debug|Any CPU.Build.0 = Debug|Any CPU
		{10660F70-4BC3-16DD-7BCD-F3888C8A6614}.Debug|x64.ActiveCfg = Debug|Any CPU
		{10660F70-4BC3-16DD-7BCD-F3888C8A6614}.Debug|x64.Build.0 = Debug|Any CPU
		{10660F70-4BC3-16DD-7BCD-F3888C8A6614}.Debug|x86.ActiveCfg = Debug|Any CPU
		{10660F70-4BC3-16DD-7BCD-F3888C8A6614}.Debug|x86.Build.0 = Debug|Any CPU
		{10660F70-4BC3-16DD-7BCD-F3888C8A6614}.Release|Any CPU.ActiveCfg = Release|Any CPU
		{10660F70-4BC3-16DD-7BCD-F3888C8A6614}.Release|Any CPU.Build.0 = Release|Any CPU
		{10660F70-4BC3-16DD-7BCD-F3888C8A6614}.Release|x64.ActiveCfg = Release|Any CPU
		{10660F70-4BC3-16DD-7BCD-F3888C8A6614}.Release|x64.Build.0 = Release|Any CPU
		{10660F70-4BC3-16DD-7BCD-F3888C8A6614}.Release|x86.ActiveCfg = Release|Any CPU
		{10660F70-4BC3-16DD-7BCD-F3888C8A6614}.Release|x86.Build.0 = Release|Any CPU
		{9D37E987-988A-487D-B394-6C472EBCB633}.Debug|Any CPU.ActiveCfg = Debug|Any CPU
		{9D37E987-988A-487D-B394-6C472EBCB633}.Debug|Any CPU.Build.0 = Debug|Any CPU
		{9D37E987-988A-487D-B394-6C472EBCB633}.Debug|x64.ActiveCfg = Debug|Any CPU
		{9D37E987-988A-487D-B394-6C472EBCB633}.Debug|x64.Build.0 = Debug|Any CPU
		{9D37E987-988A-487D-B394-6C472EBCB633}.Debug|x86.ActiveCfg = Debug|Any CPU
		{9D37E987-988A-487D-B394-6C472EBCB633}.Debug|x86.Build.0 = Debug|Any CPU
		{9D37E987-988A-487D-B394-6C472EBCB633}.Release|Any CPU.ActiveCfg = Release|Any CPU
		{9D37E987-988A-487D-B394-6C472EBCB633}.Release|Any CPU.Build.0 = Release|Any CPU
		{9D37E987-988A-487D-B394-6C472EBCB633}.Release|x64.ActiveCfg = Release|Any CPU
		{9D37E987-988A-487D-B394-6C472EBCB633}.Release|x64.Build.0 = Release|Any CPU
		{9D37E987-988A-487D-B394-6C472EBCB633}.Release|x86.ActiveCfg = Release|Any CPU
		{9D37E987-988A-487D-B394-6C472EBCB633}.Release|x86.Build.0 = Release|Any CPU
		{E6EDB3C9-CE3E-42CF-90B2-FA2A15D98599}.Debug|Any CPU.ActiveCfg = Debug|Any CPU
		{E6EDB3C9-CE3E-42CF-90B2-FA2A15D98599}.Debug|Any CPU.Build.0 = Debug|Any CPU
		{E6EDB3C9-CE3E-42CF-90B2-FA2A15D98599}.Debug|x64.ActiveCfg = Debug|Any CPU
		{E6EDB3C9-CE3E-42CF-90B2-FA2A15D98599}.Debug|x64.Build.0 = Debug|Any CPU
		{E6EDB3C9-CE3E-42CF-90B2-FA2A15D98599}.Debug|x86.ActiveCfg = Debug|Any CPU
		{E6EDB3C9-CE3E-42CF-90B2-FA2A15D98599}.Debug|x86.Build.0 = Debug|Any CPU
		{E6EDB3C9-CE3E-42CF-90B2-FA2A15D98599}.Release|Any CPU.ActiveCfg = Release|Any CPU
		{E6EDB3C9-CE3E-42CF-90B2-FA2A15D98599}.Release|Any CPU.Build.0 = Release|Any CPU
		{E6EDB3C9-CE3E-42CF-90B2-FA2A15D98599}.Release|x64.ActiveCfg = Release|Any CPU
		{E6EDB3C9-CE3E-42CF-90B2-FA2A15D98599}.Release|x64.Build.0 = Release|Any CPU
		{E6EDB3C9-CE3E-42CF-90B2-FA2A15D98599}.Release|x86.ActiveCfg = Release|Any CPU
		{E6EDB3C9-CE3E-42CF-90B2-FA2A15D98599}.Release|x86.Build.0 = Release|Any CPU
	EndGlobalSection
	GlobalSection(SolutionProperties) = preSolution
		HideSolutionNode = FALSE
	EndGlobalSection
	GlobalSection(NestedProjects) = preSolution
		{9A8FB69C-901F-4048-99EB-F02D982A6D16} = {827E0CD3-B72D-47B6-A68D-7590B98EB39B}
		{AD69EE72-1780-4324-A62A-F0E4D6DEA490} = {827E0CD3-B72D-47B6-A68D-7590B98EB39B}
		{3FAECBC5-A8BB-4579-9CCB-2D5C1BAC5823} = {827E0CD3-B72D-47B6-A68D-7590B98EB39B}
		{E99726A6-1526-8E36-4FE6-DC7233C8223B} = {827E0CD3-B72D-47B6-A68D-7590B98EB39B}
		{10660F70-4BC3-16DD-7BCD-F3888C8A6614} = {827E0CD3-B72D-47B6-A68D-7590B98EB39B}
		{9D37E987-988A-487D-B394-6C472EBCB633} = {827E0CD3-B72D-47B6-A68D-7590B98EB39B}
		{E69DF519-012A-0AAA-7E5D-E91DB91E2C0A} = {827E0CD3-B72D-47B6-A68D-7590B98EB39B}
		{E6EDB3C9-CE3E-42CF-90B2-FA2A15D98599} = {E69DF519-012A-0AAA-7E5D-E91DB91E2C0A}
	EndGlobalSection
	GlobalSection(ExtensibilityGlobals) = postSolution
		SolutionGuid = {82009B4F-5227-496F-BB51-71B997B5DEF9}
	EndGlobalSection
EndGlobal
